PODS:
  - AFNetworking (3.2.0):
    - AFNetworking/NSURLSession (= 3.2.0)
    - AFNetworking/Reachability (= 3.2.0)
    - AFNetworking/Security (= 3.2.0)
    - AFNetworking/Serialization (= 3.2.0)
    - AFNetworking/UIKit (= 3.2.0)
  - AFNetworking/NSURLSession (3.2.0):
    - AFNetworking/Reachability
    - AFNetworking/Security
    - AFNetworking/Serialization
  - AFNetworking/Reachability (3.2.0)
  - AFNetworking/Security (3.2.0)
  - AFNetworking/Serialization (3.2.0)
  - AFNetworking/UIKit (3.2.0):
    - AFNetworking/NSURLSession
  - KVOController (1.2.0)
  - Masonry (1.1.0)
  - MGJRouter (0.9.3)
  - pop (1.0.10)
  - SDWebImage (4.3.3):
    - SDWebImage/Core (= 4.3.3)
  - SDWebImage/Core (4.3.3)
  - Shimmer (1.0.2)
  - YTKNetwork (2.0.4):
    - AFNetworking (~> 3.0)
  - YYKit (1.0.9):
    - YYKit/no-arc (= 1.0.9)
  - YYKit/no-arc (1.0.9)

DEPENDENCIES:
  - KVOController
  - Masonry
  - MGJRouter
  - pop
  - SDWebImage
  - Shimmer
  - YTKNetwork
  - YYKit

SPEC REPOS:
  https://github.com/CocoaPods/Specs.git:
    - AFNetworking
    - KVOController
    - Masonry
    - MGJRouter
    - pop
    - SDWebImage
    - Shimmer
    - YTKNetwork
    - YYKit

SPEC CHECKSUMS:
  AFNetworking: 8ac6017b94ea105479f7776e5288e48ae9c59bb4
  KVOController: d72ace34afea42468329623b3379ab3cd1d286b6
  Masonry: 678fab65091a9290e40e2832a55e7ab731aad201
  MGJRouter: f65821e2aeffc8f9e84b254c8f1c0dd80f048aa9
  pop: 82ca6b068ce9278fd350fd9dd09482a0ce9492e6
  SDWebImage: de4d90b5bff3571eae7bd16202b1f43135409fa5
  Shimmer: c5374be1c2b0c9e292fb05b339a513cf291cac86
  YTKNetwork: df8a7a5597bda1664a4efaa7ef871a818a887fe0
  YYKit: 7cda43304a8dc3696c449041e2cb3107b4e236e7

PODFILE CHECKSUM: b7f6b52c440f62d400290ad8fc4541ed00524990

COCOAPODS: 1.5.0
