// !$*UTF8*$!
{
	archiveVersion = 1;
	classes = {
	};
	objectVersion = 50;
	objects = {

/* Begin PBXBuildFile section */
		5E02AA4D20A442B300995635 /* HttpHelper.m in Sources */ = {isa = PBXBuildFile; fileRef = 5E02AA4C20A442B300995635 /* HttpHelper.m */; };
		5E02AA5020A442CE00995635 /* DownloadHelper.m in Sources */ = {isa = PBXBuildFile; fileRef = 5E02AA4F20A442CE00995635 /* DownloadHelper.m */; };
		5E02AA5420A44B7000995635 /* FileManager.m in Sources */ = {isa = PBXBuildFile; fileRef = 5E02AA5320A44B7000995635 /* FileManager.m */; };
		5E031BB120A582DE00CD322E /* UIColor+ADSAdd.m in Sources */ = {isa = PBXBuildFile; fileRef = 5E031BB020A582DE00CD322E /* UIColor+ADSAdd.m */; };
		5E66FC3820A9607300D2C976 /* iflyMSC.framework in Frameworks */ = {isa = PBXBuildFile; fileRef = 5E66FC3720A9607200D2C976 /* iflyMSC.framework */; };
		5E66FC3A20A960A100D2C976 /* libz.tbd in Frameworks */ = {isa = PBXBuildFile; fileRef = 5E66FC3920A960A100D2C976 /* libz.tbd */; };
		5E66FC3C20A960A700D2C976 /* AVFoundation.framework in Frameworks */ = {isa = PBXBuildFile; fileRef = 5E66FC3B20A960A700D2C976 /* AVFoundation.framework */; };
		5E66FC3E20A960AD00D2C976 /* SystemConfiguration.framework in Frameworks */ = {isa = PBXBuildFile; fileRef = 5E66FC3D20A960AD00D2C976 /* SystemConfiguration.framework */; };
		5E66FC4020A960B400D2C976 /* Foundation.framework in Frameworks */ = {isa = PBXBuildFile; fileRef = 5E66FC3F20A960B400D2C976 /* Foundation.framework */; };
		5E66FC4220A960C000D2C976 /* CoreTelephony.framework in Frameworks */ = {isa = PBXBuildFile; fileRef = 5E66FC4120A960C000D2C976 /* CoreTelephony.framework */; };
		5E66FC4420A960C600D2C976 /* AudioToolbox.framework in Frameworks */ = {isa = PBXBuildFile; fileRef = 5E66FC4320A960C600D2C976 /* AudioToolbox.framework */; };
		5E66FC4620A960CC00D2C976 /* UIKit.framework in Frameworks */ = {isa = PBXBuildFile; fileRef = 5E66FC4520A960CC00D2C976 /* UIKit.framework */; };
		5E66FC4820A960D200D2C976 /* CoreLocation.framework in Frameworks */ = {isa = PBXBuildFile; fileRef = 5E66FC4720A960D200D2C976 /* CoreLocation.framework */; };
		5E66FC4A20A960D700D2C976 /* Contacts.framework in Frameworks */ = {isa = PBXBuildFile; fileRef = 5E66FC4920A960D700D2C976 /* Contacts.framework */; };
		5E66FC4C20A960DD00D2C976 /* AddressBook.framework in Frameworks */ = {isa = PBXBuildFile; fileRef = 5E66FC4B20A960DD00D2C976 /* AddressBook.framework */; };
		5E66FC4E20A960E300D2C976 /* QuartzCore.framework in Frameworks */ = {isa = PBXBuildFile; fileRef = 5E66FC4D20A960E300D2C976 /* QuartzCore.framework */; };
		5E66FC5020A960E900D2C976 /* CoreGraphics.framework in Frameworks */ = {isa = PBXBuildFile; fileRef = 5E66FC4F20A960E900D2C976 /* CoreGraphics.framework */; };
		5E66FC5220A960F000D2C976 /* libc++.tbd in Frameworks */ = {isa = PBXBuildFile; fileRef = 5E66FC5120A960F000D2C976 /* libc++.tbd */; };
		5E66FC5420A960F700D2C976 /* libicucore.tbd in Frameworks */ = {isa = PBXBuildFile; fileRef = 5E66FC5320A960F700D2C976 /* libicucore.tbd */; };
		5E66FC5820A961A200D2C976 /* AudioHelper.m in Sources */ = {isa = PBXBuildFile; fileRef = 5E66FC5720A961A200D2C976 /* AudioHelper.m */; };
		5E66FC5B20A965D800D2C976 /* tangshi300.txt in Resources */ = {isa = PBXBuildFile; fileRef = 5E66FC5A20A965D800D2C976 /* tangshi300.txt */; };
		5E66FC5E20A9883300D2C976 /* IPAddressUtil.m in Sources */ = {isa = PBXBuildFile; fileRef = 5E66FC5D20A9883300D2C976 /* IPAddressUtil.m */; };
		5E7447D120A30570007F52F4 /* AppDelegate.m in Sources */ = {isa = PBXBuildFile; fileRef = 5E7447D020A30570007F52F4 /* AppDelegate.m */; };
		5E7447D920A3057A007F52F4 /* Assets.xcassets in Resources */ = {isa = PBXBuildFile; fileRef = 5E7447D820A3057A007F52F4 /* Assets.xcassets */; };
		5E7447DF20A3057A007F52F4 /* main.m in Sources */ = {isa = PBXBuildFile; fileRef = 5E7447DE20A3057A007F52F4 /* main.m */; };
		5E7447E820A30762007F52F4 /* OnlineVideoPlayer.m in Sources */ = {isa = PBXBuildFile; fileRef = 5E7447E720A30762007F52F4 /* OnlineVideoPlayer.m */; };
		5E7447EC20A3D6A0007F52F4 /* GCDManager.m in Sources */ = {isa = PBXBuildFile; fileRef = 5E7447EB20A3D6A0007F52F4 /* GCDManager.m */; };
		5E74480520A3D6C3007F52F4 /* NSDictionary+ADSCategory.m in Sources */ = {isa = PBXBuildFile; fileRef = 5E7447F020A3D6C3007F52F4 /* NSDictionary+ADSCategory.m */; };
		5E74480620A3D6C3007F52F4 /* NSObject+GetClassProperty.m in Sources */ = {isa = PBXBuildFile; fileRef = 5E7447F320A3D6C3007F52F4 /* NSObject+GetClassProperty.m */; };
		5E74480720A3D6C3007F52F4 /* NSString+ADS.m in Sources */ = {isa = PBXBuildFile; fileRef = 5E7447F620A3D6C3007F52F4 /* NSString+ADS.m */; };
		5E74480820A3D6C3007F52F4 /* UIButton+ADSAdd.m in Sources */ = {isa = PBXBuildFile; fileRef = 5E7447F920A3D6C3007F52F4 /* UIButton+ADSAdd.m */; };
		5E74480920A3D6C3007F52F4 /* UIFont+Fonts.m in Sources */ = {isa = PBXBuildFile; fileRef = 5E7447FC20A3D6C3007F52F4 /* UIFont+Fonts.m */; };
		5E74480A20A3D6C3007F52F4 /* UIView+BlurView.m in Sources */ = {isa = PBXBuildFile; fileRef = 5E7447FF20A3D6C3007F52F4 /* UIView+BlurView.m */; };
		5E74480B20A3D6C3007F52F4 /* UIView+POPAnimation.m in Sources */ = {isa = PBXBuildFile; fileRef = 5E74480120A3D6C3007F52F4 /* UIView+POPAnimation.m */; };
		5E74480C20A3D6C3007F52F4 /* UIViewController+DefaultView.m in Sources */ = {isa = PBXBuildFile; fileRef = 5E74480420A3D6C3007F52F4 /* UIViewController+DefaultView.m */; };
		5E74481220A3F27C007F52F4 /* UIView+Additions.m in Sources */ = {isa = PBXBuildFile; fileRef = 5E74481120A3F27C007F52F4 /* UIView+Additions.m */; };
		5E74481720A3FA0A007F52F4 /* HomeViewController.m in Sources */ = {isa = PBXBuildFile; fileRef = 5E74481620A3FA0A007F52F4 /* HomeViewController.m */; };
		D51ABE3C98E5AB7212645B1B /* libPods-OnlinePlayer.a in Frameworks */ = {isa = PBXBuildFile; fileRef = EDAD794ED80CB5800D17B591 /* libPods-OnlinePlayer.a */; };
/* End PBXBuildFile section */

/* Begin PBXFileReference section */
		29E8EE8FB9978EAD31F93110 /* Pods-OnlinePlayer.debug.xcconfig */ = {isa = PBXFileReference; includeInIndex = 1; lastKnownFileType = text.xcconfig; name = "Pods-OnlinePlayer.debug.xcconfig"; path = "Pods/Target Support Files/Pods-OnlinePlayer/Pods-OnlinePlayer.debug.xcconfig"; sourceTree = "<group>"; };
		5E02AA4B20A442B300995635 /* HttpHelper.h */ = {isa = PBXFileReference; lastKnownFileType = sourcecode.c.h; path = HttpHelper.h; sourceTree = "<group>"; };
		5E02AA4C20A442B300995635 /* HttpHelper.m */ = {isa = PBXFileReference; lastKnownFileType = sourcecode.c.objc; path = HttpHelper.m; sourceTree = "<group>"; };
		5E02AA4E20A442CE00995635 /* DownloadHelper.h */ = {isa = PBXFileReference; lastKnownFileType = sourcecode.c.h; path = DownloadHelper.h; sourceTree = "<group>"; };
		5E02AA4F20A442CE00995635 /* DownloadHelper.m */ = {isa = PBXFileReference; lastKnownFileType = sourcecode.c.objc; path = DownloadHelper.m; sourceTree = "<group>"; };
		5E02AA5220A44B7000995635 /* FileManager.h */ = {isa = PBXFileReference; lastKnownFileType = sourcecode.c.h; path = FileManager.h; sourceTree = "<group>"; };
		5E02AA5320A44B7000995635 /* FileManager.m */ = {isa = PBXFileReference; lastKnownFileType = sourcecode.c.objc; path = FileManager.m; sourceTree = "<group>"; };
		5E031BAF20A582DE00CD322E /* UIColor+ADSAdd.h */ = {isa = PBXFileReference; lastKnownFileType = sourcecode.c.h; path = "UIColor+ADSAdd.h"; sourceTree = "<group>"; };
		5E031BB020A582DE00CD322E /* UIColor+ADSAdd.m */ = {isa = PBXFileReference; lastKnownFileType = sourcecode.c.objc; path = "UIColor+ADSAdd.m"; sourceTree = "<group>"; };
		5E66FC3720A9607200D2C976 /* iflyMSC.framework */ = {isa = PBXFileReference; lastKnownFileType = wrapper.framework; path = iflyMSC.framework; sourceTree = "<group>"; };
		5E66FC3920A960A100D2C976 /* libz.tbd */ = {isa = PBXFileReference; lastKnownFileType = "sourcecode.text-based-dylib-definition"; name = libz.tbd; path = usr/lib/libz.tbd; sourceTree = SDKROOT; };
		5E66FC3B20A960A700D2C976 /* AVFoundation.framework */ = {isa = PBXFileReference; lastKnownFileType = wrapper.framework; name = AVFoundation.framework; path = System/Library/Frameworks/AVFoundation.framework; sourceTree = SDKROOT; };
		5E66FC3D20A960AD00D2C976 /* SystemConfiguration.framework */ = {isa = PBXFileReference; lastKnownFileType = wrapper.framework; name = SystemConfiguration.framework; path = System/Library/Frameworks/SystemConfiguration.framework; sourceTree = SDKROOT; };
		5E66FC3F20A960B400D2C976 /* Foundation.framework */ = {isa = PBXFileReference; lastKnownFileType = wrapper.framework; name = Foundation.framework; path = System/Library/Frameworks/Foundation.framework; sourceTree = SDKROOT; };
		5E66FC4120A960C000D2C976 /* CoreTelephony.framework */ = {isa = PBXFileReference; lastKnownFileType = wrapper.framework; name = CoreTelephony.framework; path = System/Library/Frameworks/CoreTelephony.framework; sourceTree = SDKROOT; };
		5E66FC4320A960C600D2C976 /* AudioToolbox.framework */ = {isa = PBXFileReference; lastKnownFileType = wrapper.framework; name = AudioToolbox.framework; path = System/Library/Frameworks/AudioToolbox.framework; sourceTree = SDKROOT; };
		5E66FC4520A960CC00D2C976 /* UIKit.framework */ = {isa = PBXFileReference; lastKnownFileType = wrapper.framework; name = UIKit.framework; path = System/Library/Frameworks/UIKit.framework; sourceTree = SDKROOT; };
		5E66FC4720A960D200D2C976 /* CoreLocation.framework */ = {isa = PBXFileReference; lastKnownFileType = wrapper.framework; name = CoreLocation.framework; path = System/Library/Frameworks/CoreLocation.framework; sourceTree = SDKROOT; };
		5E66FC4920A960D700D2C976 /* Contacts.framework */ = {isa = PBXFileReference; lastKnownFileType = wrapper.framework; name = Contacts.framework; path = System/Library/Frameworks/Contacts.framework; sourceTree = SDKROOT; };
		5E66FC4B20A960DD00D2C976 /* AddressBook.framework */ = {isa = PBXFileReference; lastKnownFileType = wrapper.framework; name = AddressBook.framework; path = System/Library/Frameworks/AddressBook.framework; sourceTree = SDKROOT; };
		5E66FC4D20A960E300D2C976 /* QuartzCore.framework */ = {isa = PBXFileReference; lastKnownFileType = wrapper.framework; name = QuartzCore.framework; path = System/Library/Frameworks/QuartzCore.framework; sourceTree = SDKROOT; };
		5E66FC4F20A960E900D2C976 /* CoreGraphics.framework */ = {isa = PBXFileReference; lastKnownFileType = wrapper.framework; name = CoreGraphics.framework; path = System/Library/Frameworks/CoreGraphics.framework; sourceTree = SDKROOT; };
		5E66FC5120A960F000D2C976 /* libc++.tbd */ = {isa = PBXFileReference; lastKnownFileType = "sourcecode.text-based-dylib-definition"; name = "libc++.tbd"; path = "usr/lib/libc++.tbd"; sourceTree = SDKROOT; };
		5E66FC5320A960F700D2C976 /* libicucore.tbd */ = {isa = PBXFileReference; lastKnownFileType = "sourcecode.text-based-dylib-definition"; name = libicucore.tbd; path = usr/lib/libicucore.tbd; sourceTree = SDKROOT; };
		5E66FC5620A961A200D2C976 /* AudioHelper.h */ = {isa = PBXFileReference; lastKnownFileType = sourcecode.c.h; path = AudioHelper.h; sourceTree = "<group>"; };
		5E66FC5720A961A200D2C976 /* AudioHelper.m */ = {isa = PBXFileReference; lastKnownFileType = sourcecode.c.objc; path = AudioHelper.m; sourceTree = "<group>"; };
		5E66FC5A20A965D800D2C976 /* tangshi300.txt */ = {isa = PBXFileReference; fileEncoding = 4; lastKnownFileType = text; path = tangshi300.txt; sourceTree = "<group>"; };
		5E66FC5C20A9883300D2C976 /* IPAddressUtil.h */ = {isa = PBXFileReference; lastKnownFileType = sourcecode.c.h; path = IPAddressUtil.h; sourceTree = "<group>"; };
		5E66FC5D20A9883300D2C976 /* IPAddressUtil.m */ = {isa = PBXFileReference; lastKnownFileType = sourcecode.c.objc; path = IPAddressUtil.m; sourceTree = "<group>"; };
		5E7447CC20A30570007F52F4 /* OnlinePlayer.app */ = {isa = PBXFileReference; explicitFileType = wrapper.application; includeInIndex = 0; path = OnlinePlayer.app; sourceTree = BUILT_PRODUCTS_DIR; };
		5E7447CF20A30570007F52F4 /* AppDelegate.h */ = {isa = PBXFileReference; lastKnownFileType = sourcecode.c.h; path = AppDelegate.h; sourceTree = "<group>"; };
		5E7447D020A30570007F52F4 /* AppDelegate.m */ = {isa = PBXFileReference; lastKnownFileType = sourcecode.c.objc; path = AppDelegate.m; sourceTree = "<group>"; };
		5E7447D820A3057A007F52F4 /* Assets.xcassets */ = {isa = PBXFileReference; lastKnownFileType = folder.assetcatalog; path = Assets.xcassets; sourceTree = "<group>"; };
		5E7447DD20A3057A007F52F4 /* Info.plist */ = {isa = PBXFileReference; lastKnownFileType = text.plist.xml; path = Info.plist; sourceTree = "<group>"; };
		5E7447DE20A3057A007F52F4 /* main.m */ = {isa = PBXFileReference; lastKnownFileType = sourcecode.c.objc; path = main.m; sourceTree = "<group>"; };
		5E7447E620A30762007F52F4 /* OnlineVideoPlayer.h */ = {isa = PBXFileReference; fileEncoding = 4; lastKnownFileType = sourcecode.c.h; path = OnlineVideoPlayer.h; sourceTree = "<group>"; };
		5E7447E720A30762007F52F4 /* OnlineVideoPlayer.m */ = {isa = PBXFileReference; fileEncoding = 4; lastKnownFileType = sourcecode.c.objc; path = OnlineVideoPlayer.m; sourceTree = "<group>"; };
		5E7447EA20A3D6A0007F52F4 /* GCDManager.h */ = {isa = PBXFileReference; fileEncoding = 4; lastKnownFileType = sourcecode.c.h; path = GCDManager.h; sourceTree = "<group>"; };
		5E7447EB20A3D6A0007F52F4 /* GCDManager.m */ = {isa = PBXFileReference; fileEncoding = 4; lastKnownFileType = sourcecode.c.objc; path = GCDManager.m; sourceTree = "<group>"; };
		5E7447EF20A3D6C3007F52F4 /* NSDictionary+ADSCategory.h */ = {isa = PBXFileReference; fileEncoding = 4; lastKnownFileType = sourcecode.c.h; path = "NSDictionary+ADSCategory.h"; sourceTree = "<group>"; };
		5E7447F020A3D6C3007F52F4 /* NSDictionary+ADSCategory.m */ = {isa = PBXFileReference; fileEncoding = 4; lastKnownFileType = sourcecode.c.objc; path = "NSDictionary+ADSCategory.m"; sourceTree = "<group>"; };
		5E7447F220A3D6C3007F52F4 /* NSObject+GetClassProperty.h */ = {isa = PBXFileReference; fileEncoding = 4; lastKnownFileType = sourcecode.c.h; path = "NSObject+GetClassProperty.h"; sourceTree = "<group>"; };
		5E7447F320A3D6C3007F52F4 /* NSObject+GetClassProperty.m */ = {isa = PBXFileReference; fileEncoding = 4; lastKnownFileType = sourcecode.c.objc; path = "NSObject+GetClassProperty.m"; sourceTree = "<group>"; };
		5E7447F520A3D6C3007F52F4 /* NSString+ADS.h */ = {isa = PBXFileReference; fileEncoding = 4; lastKnownFileType = sourcecode.c.h; path = "NSString+ADS.h"; sourceTree = "<group>"; };
		5E7447F620A3D6C3007F52F4 /* NSString+ADS.m */ = {isa = PBXFileReference; fileEncoding = 4; lastKnownFileType = sourcecode.c.objc; path = "NSString+ADS.m"; sourceTree = "<group>"; };
		5E7447F820A3D6C3007F52F4 /* UIButton+ADSAdd.h */ = {isa = PBXFileReference; fileEncoding = 4; lastKnownFileType = sourcecode.c.h; path = "UIButton+ADSAdd.h"; sourceTree = "<group>"; };
		5E7447F920A3D6C3007F52F4 /* UIButton+ADSAdd.m */ = {isa = PBXFileReference; fileEncoding = 4; lastKnownFileType = sourcecode.c.objc; path = "UIButton+ADSAdd.m"; sourceTree = "<group>"; xcLanguageSpecificationIdentifier = xcode.lang.objcpp; };
		5E7447FB20A3D6C3007F52F4 /* UIFont+Fonts.h */ = {isa = PBXFileReference; fileEncoding = 4; lastKnownFileType = sourcecode.c.h; path = "UIFont+Fonts.h"; sourceTree = "<group>"; };
		5E7447FC20A3D6C3007F52F4 /* UIFont+Fonts.m */ = {isa = PBXFileReference; fileEncoding = 4; lastKnownFileType = sourcecode.c.objc; path = "UIFont+Fonts.m"; sourceTree = "<group>"; };
		5E7447FE20A3D6C3007F52F4 /* UIView+BlurView.h */ = {isa = PBXFileReference; fileEncoding = 4; lastKnownFileType = sourcecode.c.h; path = "UIView+BlurView.h"; sourceTree = "<group>"; };
		5E7447FF20A3D6C3007F52F4 /* UIView+BlurView.m */ = {isa = PBXFileReference; fileEncoding = 4; lastKnownFileType = sourcecode.c.objc; path = "UIView+BlurView.m"; sourceTree = "<group>"; };
		5E74480020A3D6C3007F52F4 /* UIView+POPAnimation.h */ = {isa = PBXFileReference; fileEncoding = 4; lastKnownFileType = sourcecode.c.h; path = "UIView+POPAnimation.h"; sourceTree = "<group>"; };
		5E74480120A3D6C3007F52F4 /* UIView+POPAnimation.m */ = {isa = PBXFileReference; fileEncoding = 4; lastKnownFileType = sourcecode.c.objc; path = "UIView+POPAnimation.m"; sourceTree = "<group>"; };
		5E74480320A3D6C3007F52F4 /* UIViewController+DefaultView.h */ = {isa = PBXFileReference; fileEncoding = 4; lastKnownFileType = sourcecode.c.h; path = "UIViewController+DefaultView.h"; sourceTree = "<group>"; };
		5E74480420A3D6C3007F52F4 /* UIViewController+DefaultView.m */ = {isa = PBXFileReference; fileEncoding = 4; lastKnownFileType = sourcecode.c.objc; path = "UIViewController+DefaultView.m"; sourceTree = "<group>"; };
		5E74480D20A3D710007F52F4 /* PrefixHeader.pch */ = {isa = PBXFileReference; lastKnownFileType = sourcecode.c.h; path = PrefixHeader.pch; sourceTree = "<group>"; };
		5E74481020A3F27C007F52F4 /* UIView+Additions.h */ = {isa = PBXFileReference; lastKnownFileType = sourcecode.c.h; path = "UIView+Additions.h"; sourceTree = "<group>"; };
		5E74481120A3F27C007F52F4 /* UIView+Additions.m */ = {isa = PBXFileReference; lastKnownFileType = sourcecode.c.objc; path = "UIView+Additions.m"; sourceTree = "<group>"; };
		5E74481320A3F6A6007F52F4 /* OnlinePlayerMacro.h */ = {isa = PBXFileReference; lastKnownFileType = sourcecode.c.h; path = OnlinePlayerMacro.h; sourceTree = "<group>"; };
		5E74481520A3FA0A007F52F4 /* HomeViewController.h */ = {isa = PBXFileReference; lastKnownFileType = sourcecode.c.h; path = HomeViewController.h; sourceTree = "<group>"; };
		5E74481620A3FA0A007F52F4 /* HomeViewController.m */ = {isa = PBXFileReference; lastKnownFileType = sourcecode.c.objc; path = HomeViewController.m; sourceTree = "<group>"; };
		82506A366363EE907A05A203 /* Pods-OnlinePlayer.release.xcconfig */ = {isa = PBXFileReference; includeInIndex = 1; lastKnownFileType = text.xcconfig; name = "Pods-OnlinePlayer.release.xcconfig"; path = "Pods/Target Support Files/Pods-OnlinePlayer/Pods-OnlinePlayer.release.xcconfig"; sourceTree = "<group>"; };
		EDAD794ED80CB5800D17B591 /* libPods-OnlinePlayer.a */ = {isa = PBXFileReference; explicitFileType = archive.ar; includeInIndex = 0; path = "libPods-OnlinePlayer.a"; sourceTree = BUILT_PRODUCTS_DIR; };
/* End PBXFileReference section */

/* Begin PBXFrameworksBuildPhase section */
		5E7447C920A30570007F52F4 /* Frameworks */ = {
			isa = PBXFrameworksBuildPhase;
			buildActionMask = 2147483647;
			files = (
				5E66FC5420A960F700D2C976 /* libicucore.tbd in Frameworks */,
				5E66FC5220A960F000D2C976 /* libc++.tbd in Frameworks */,
				5E66FC5020A960E900D2C976 /* CoreGraphics.framework in Frameworks */,
				5E66FC4E20A960E300D2C976 /* QuartzCore.framework in Frameworks */,
				5E66FC4C20A960DD00D2C976 /* AddressBook.framework in Frameworks */,
				5E66FC4A20A960D700D2C976 /* Contacts.framework in Frameworks */,
				5E66FC4820A960D200D2C976 /* CoreLocation.framework in Frameworks */,
				5E66FC4620A960CC00D2C976 /* UIKit.framework in Frameworks */,
				5E66FC4420A960C600D2C976 /* AudioToolbox.framework in Frameworks */,
				5E66FC4220A960C000D2C976 /* CoreTelephony.framework in Frameworks */,
				5E66FC4020A960B400D2C976 /* Foundation.framework in Frameworks */,
				5E66FC3E20A960AD00D2C976 /* SystemConfiguration.framework in Frameworks */,
				5E66FC3C20A960A700D2C976 /* AVFoundation.framework in Frameworks */,
				5E66FC3A20A960A100D2C976 /* libz.tbd in Frameworks */,
				5E66FC3820A9607300D2C976 /* iflyMSC.framework in Frameworks */,
				D51ABE3C98E5AB7212645B1B /* libPods-OnlinePlayer.a in Frameworks */,
			);
			runOnlyForDeploymentPostprocessing = 0;
		};
/* End PBXFrameworksBuildPhase section */

/* Begin PBXGroup section */
		5E02AA4720A4424A00995635 /* Network */ = {
			isa = PBXGroup;
			children = (
				5E02AA4B20A442B300995635 /* HttpHelper.h */,
				5E02AA4C20A442B300995635 /* HttpHelper.m */,
				5E02AA4E20A442CE00995635 /* DownloadHelper.h */,
				5E02AA4F20A442CE00995635 /* DownloadHelper.m */,
				5E66FC5C20A9883300D2C976 /* IPAddressUtil.h */,
				5E66FC5D20A9883300D2C976 /* IPAddressUtil.m */,
			);
			path = Network;
			sourceTree = "<group>";
		};
		5E02AA5120A44B4300995635 /* File */ = {
			isa = PBXGroup;
			children = (
				5E02AA5220A44B7000995635 /* FileManager.h */,
				5E02AA5320A44B7000995635 /* FileManager.m */,
			);
			path = File;
			sourceTree = "<group>";
		};
		5E031BAE20A582B900CD322E /* UIColor */ = {
			isa = PBXGroup;
			children = (
				5E031BAF20A582DE00CD322E /* UIColor+ADSAdd.h */,
				5E031BB020A582DE00CD322E /* UIColor+ADSAdd.m */,
			);
			path = UIColor;
			sourceTree = "<group>";
		};
		5E66FC5520A9614F00D2C976 /* Audio */ = {
			isa = PBXGroup;
			children = (
				5E66FC5620A961A200D2C976 /* AudioHelper.h */,
				5E66FC5720A961A200D2C976 /* AudioHelper.m */,
			);
			path = Audio;
			sourceTree = "<group>";
		};
		5E66FC5920A965CF00D2C976 /* Resource */ = {
			isa = PBXGroup;
			children = (
				5E66FC5A20A965D800D2C976 /* tangshi300.txt */,
			);
			path = Resource;
			sourceTree = "<group>";
		};
		5E7447C320A30570007F52F4 = {
			isa = PBXGroup;
			children = (
				5E7447CE20A30570007F52F4 /* OnlinePlayer */,
				5E7447CD20A30570007F52F4 /* Products */,
				B73A5078147F8D1256D46379 /* Pods */,
				A996A2D44ECF6FACF5F161B2 /* Frameworks */,
			);
			sourceTree = "<group>";
		};
		5E7447CD20A30570007F52F4 /* Products */ = {
			isa = PBXGroup;
			children = (
				5E7447CC20A30570007F52F4 /* OnlinePlayer.app */,
			);
			name = Products;
			sourceTree = "<group>";
		};
		5E7447CE20A30570007F52F4 /* OnlinePlayer */ = {
			isa = PBXGroup;
			children = (
				5E66FC5920A965CF00D2C976 /* Resource */,
				5E74481420A3F9E3007F52F4 /* ViewController */,
				5E7447ED20A3D6C3007F52F4 /* Category */,
				5E7447E920A3D68B007F52F4 /* Utils */,
				5E7447E520A30746007F52F4 /* VideoPlayer */,
				5E7447CF20A30570007F52F4 /* AppDelegate.h */,
				5E7447D020A30570007F52F4 /* AppDelegate.m */,
				5E7447D820A3057A007F52F4 /* Assets.xcassets */,
				5E7447DD20A3057A007F52F4 /* Info.plist */,
				5E7447DE20A3057A007F52F4 /* main.m */,
				5E74480D20A3D710007F52F4 /* PrefixHeader.pch */,
				5E74481320A3F6A6007F52F4 /* OnlinePlayerMacro.h */,
			);
			path = OnlinePlayer;
			sourceTree = "<group>";
		};
		5E7447E520A30746007F52F4 /* VideoPlayer */ = {
			isa = PBXGroup;
			children = (
				5E7447E620A30762007F52F4 /* OnlineVideoPlayer.h */,
				5E7447E720A30762007F52F4 /* OnlineVideoPlayer.m */,
			);
			path = VideoPlayer;
			sourceTree = "<group>";
		};
		5E7447E920A3D68B007F52F4 /* Utils */ = {
			isa = PBXGroup;
			children = (
				5E66FC5520A9614F00D2C976 /* Audio */,
				5E02AA5120A44B4300995635 /* File */,
				5E02AA4720A4424A00995635 /* Network */,
				5E7447EA20A3D6A0007F52F4 /* GCDManager.h */,
				5E7447EB20A3D6A0007F52F4 /* GCDManager.m */,
			);
			path = Utils;
			sourceTree = "<group>";
		};
		5E7447ED20A3D6C3007F52F4 /* Category */ = {
			isa = PBXGroup;
			children = (
				5E031BAE20A582B900CD322E /* UIColor */,
				5E7447EE20A3D6C3007F52F4 /* NSDictionary */,
				5E7447F120A3D6C3007F52F4 /* NSObject */,
				5E7447F420A3D6C3007F52F4 /* NSString */,
				5E7447F720A3D6C3007F52F4 /* UIButton */,
				5E7447FA20A3D6C3007F52F4 /* UIFont */,
				5E7447FD20A3D6C3007F52F4 /* UIView */,
				5E74480220A3D6C3007F52F4 /* UIViewController */,
			);
			path = Category;
			sourceTree = "<group>";
		};
		5E7447EE20A3D6C3007F52F4 /* NSDictionary */ = {
			isa = PBXGroup;
			children = (
				5E7447EF20A3D6C3007F52F4 /* NSDictionary+ADSCategory.h */,
				5E7447F020A3D6C3007F52F4 /* NSDictionary+ADSCategory.m */,
			);
			path = NSDictionary;
			sourceTree = "<group>";
		};
		5E7447F120A3D6C3007F52F4 /* NSObject */ = {
			isa = PBXGroup;
			children = (
				5E7447F220A3D6C3007F52F4 /* NSObject+GetClassProperty.h */,
				5E7447F320A3D6C3007F52F4 /* NSObject+GetClassProperty.m */,
			);
			path = NSObject;
			sourceTree = "<group>";
		};
		5E7447F420A3D6C3007F52F4 /* NSString */ = {
			isa = PBXGroup;
			children = (
				5E7447F520A3D6C3007F52F4 /* NSString+ADS.h */,
				5E7447F620A3D6C3007F52F4 /* NSString+ADS.m */,
			);
			path = NSString;
			sourceTree = "<group>";
		};
		5E7447F720A3D6C3007F52F4 /* UIButton */ = {
			isa = PBXGroup;
			children = (
				5E7447F820A3D6C3007F52F4 /* UIButton+ADSAdd.h */,
				5E7447F920A3D6C3007F52F4 /* UIButton+ADSAdd.m */,
			);
			path = UIButton;
			sourceTree = "<group>";
		};
		5E7447FA20A3D6C3007F52F4 /* UIFont */ = {
			isa = PBXGroup;
			children = (
				5E7447FB20A3D6C3007F52F4 /* UIFont+Fonts.h */,
				5E7447FC20A3D6C3007F52F4 /* UIFont+Fonts.m */,
			);
			path = UIFont;
			sourceTree = "<group>";
		};
		5E7447FD20A3D6C3007F52F4 /* UIView */ = {
			isa = PBXGroup;
			children = (
				5E7447FE20A3D6C3007F52F4 /* UIView+BlurView.h */,
				5E7447FF20A3D6C3007F52F4 /* UIView+BlurView.m */,
				5E74480020A3D6C3007F52F4 /* UIView+POPAnimation.h */,
				5E74480120A3D6C3007F52F4 /* UIView+POPAnimation.m */,
				5E74481020A3F27C007F52F4 /* UIView+Additions.h */,
				5E74481120A3F27C007F52F4 /* UIView+Additions.m */,
			);
			path = UIView;
			sourceTree = "<group>";
		};
		5E74480220A3D6C3007F52F4 /* UIViewController */ = {
			isa = PBXGroup;
			children = (
				5E74480320A3D6C3007F52F4 /* UIViewController+DefaultView.h */,
				5E74480420A3D6C3007F52F4 /* UIViewController+DefaultView.m */,
			);
			path = UIViewController;
			sourceTree = "<group>";
		};
		5E74481420A3F9E3007F52F4 /* ViewController */ = {
			isa = PBXGroup;
			children = (
				5E74481520A3FA0A007F52F4 /* HomeViewController.h */,
				5E74481620A3FA0A007F52F4 /* HomeViewController.m */,
			);
			path = ViewController;
			sourceTree = "<group>";
		};
		A996A2D44ECF6FACF5F161B2 /* Frameworks */ = {
			isa = PBXGroup;
			children = (
				5E66FC5320A960F700D2C976 /* libicucore.tbd */,
				5E66FC5120A960F000D2C976 /* libc++.tbd */,
				5E66FC4F20A960E900D2C976 /* CoreGraphics.framework */,
				5E66FC4D20A960E300D2C976 /* QuartzCore.framework */,
				5E66FC4B20A960DD00D2C976 /* AddressBook.framework */,
				5E66FC4920A960D700D2C976 /* Contacts.framework */,
				5E66FC4720A960D200D2C976 /* CoreLocation.framework */,
				5E66FC4520A960CC00D2C976 /* UIKit.framework */,
				5E66FC4320A960C600D2C976 /* AudioToolbox.framework */,
				5E66FC4120A960C000D2C976 /* CoreTelephony.framework */,
				5E66FC3F20A960B400D2C976 /* Foundation.framework */,
				5E66FC3D20A960AD00D2C976 /* SystemConfiguration.framework */,
				5E66FC3B20A960A700D2C976 /* AVFoundation.framework */,
				5E66FC3920A960A100D2C976 /* libz.tbd */,
				5E66FC3720A9607200D2C976 /* iflyMSC.framework */,
				EDAD794ED80CB5800D17B591 /* libPods-OnlinePlayer.a */,
			);
			name = Frameworks;
			sourceTree = "<group>";
		};
		B73A5078147F8D1256D46379 /* Pods */ = {
			isa = PBXGroup;
			children = (
				29E8EE8FB9978EAD31F93110 /* Pods-OnlinePlayer.debug.xcconfig */,
				82506A366363EE907A05A203 /* Pods-OnlinePlayer.release.xcconfig */,
			);
			name = Pods;
			sourceTree = "<group>";
		};
/* End PBXGroup section */

/* Begin PBXNativeTarget section */
		5E7447CB20A30570007F52F4 /* OnlinePlayer */ = {
			isa = PBXNativeTarget;
			buildConfigurationList = 5E7447E220A3057A007F52F4 /* Build configuration list for PBXNativeTarget "OnlinePlayer" */;
			buildPhases = (
				9DEFC711952AD05D0D1BC3BA /* [CP] Check Pods Manifest.lock */,
				5E7447C820A30570007F52F4 /* Sources */,
				5E7447C920A30570007F52F4 /* Frameworks */,
				5E7447CA20A30570007F52F4 /* Resources */,
			);
			buildRules = (
			);
			dependencies = (
			);
			name = OnlinePlayer;
			productName = OnlinePlayer;
			productReference = 5E7447CC20A30570007F52F4 /* OnlinePlayer.app */;
			productType = "com.apple.product-type.application";
		};
/* End PBXNativeTarget section */

/* Begin PBXProject section */
		5E7447C420A30570007F52F4 /* Project object */ = {
			isa = PBXProject;
			attributes = {
				LastUpgradeCheck = 0930;
				ORGANIZATIONNAME = aidongsheng;
				TargetAttributes = {
					5E7447CB20A30570007F52F4 = {
						CreatedOnToolsVersion = 9.3;
					};
				};
			};
			buildConfigurationList = 5E7447C720A30570007F52F4 /* Build configuration list for PBXProject "OnlinePlayer" */;
			compatibilityVersion = "Xcode 9.3";
			developmentRegion = en;
			hasScannedForEncodings = 0;
			knownRegions = (
				en,
				Base,
			);
			mainGroup = 5E7447C320A30570007F52F4;
			productRefGroup = 5E7447CD20A30570007F52F4 /* Products */;
			projectDirPath = "";
			projectRoot = "";
			targets = (
				5E7447CB20A30570007F52F4 /* OnlinePlayer */,
			);
		};
/* End PBXProject section */

/* Begin PBXResourcesBuildPhase section */
		5E7447CA20A30570007F52F4 /* Resources */ = {
			isa = PBXResourcesBuildPhase;
			buildActionMask = 2147483647;
			files = (
				5E7447D920A3057A007F52F4 /* Assets.xcassets in Resources */,
				5E66FC5B20A965D800D2C976 /* tangshi300.txt in Resources */,
			);
			runOnlyForDeploymentPostprocessing = 0;
		};
/* End PBXResourcesBuildPhase section */

/* Begin PBXShellScriptBuildPhase section */
		9DEFC711952AD05D0D1BC3BA /* [CP] Check Pods Manifest.lock */ = {
			isa = PBXShellScriptBuildPhase;
			buildActionMask = 2147483647;
			files = (
			);
			inputPaths = (
				"${PODS_PODFILE_DIR_PATH}/Podfile.lock",
				"${PODS_ROOT}/Manifest.lock",
			);
			name = "[CP] Check Pods Manifest.lock";
			outputPaths = (
				"$(DERIVED_FILE_DIR)/Pods-OnlinePlayer-checkManifestLockResult.txt",
			);
			runOnlyForDeploymentPostprocessing = 0;
			shellPath = /bin/sh;
			shellScript = "diff \"${PODS_PODFILE_DIR_PATH}/Podfile.lock\" \"${PODS_ROOT}/Manifest.lock\" > /dev/null\nif [ $? != 0 ] ; then\n    # print error to STDERR\n    echo \"error: The sandbox is not in sync with the Podfile.lock. Run 'pod install' or update your CocoaPods installation.\" >&2\n    exit 1\nfi\n# This output is used by Xcode 'outputs' to avoid re-running this script phase.\necho \"SUCCESS\" > \"${SCRIPT_OUTPUT_FILE_0}\"\n";
			showEnvVarsInLog = 0;
		};
/* End PBXShellScriptBuildPhase section */

/* Begin PBXSourcesBuildPhase section */
		5E7447C820A30570007F52F4 /* Sources */ = {
			isa = PBXSourcesBuildPhase;
			buildActionMask = 2147483647;
			files = (
				5E74480C20A3D6C3007F52F4 /* UIViewController+DefaultView.m in Sources */,
				5E74480520A3D6C3007F52F4 /* NSDictionary+ADSCategory.m in Sources */,
				5E74480620A3D6C3007F52F4 /* NSObject+GetClassProperty.m in Sources */,
				5E66FC5E20A9883300D2C976 /* IPAddressUtil.m in Sources */,
				5E66FC5820A961A200D2C976 /* AudioHelper.m in Sources */,
				5E02AA5020A442CE00995635 /* DownloadHelper.m in Sources */,
				5E74480B20A3D6C3007F52F4 /* UIView+POPAnimation.m in Sources */,
				5E74480920A3D6C3007F52F4 /* UIFont+Fonts.m in Sources */,
				5E74481720A3FA0A007F52F4 /* HomeViewController.m in Sources */,
				5E7447DF20A3057A007F52F4 /* main.m in Sources */,
				5E02AA4D20A442B300995635 /* HttpHelper.m in Sources */,
				5E74480720A3D6C3007F52F4 /* NSString+ADS.m in Sources */,
				5E7447D120A30570007F52F4 /* AppDelegate.m in Sources */,
				5E7447EC20A3D6A0007F52F4 /* GCDManager.m in Sources */,
				5E7447E820A30762007F52F4 /* OnlineVideoPlayer.m in Sources */,
				5E74480820A3D6C3007F52F4 /* UIButton+ADSAdd.m in Sources */,
				5E031BB120A582DE00CD322E /* UIColor+ADSAdd.m in Sources */,
				5E02AA5420A44B7000995635 /* FileManager.m in Sources */,
				5E74480A20A3D6C3007F52F4 /* UIView+BlurView.m in Sources */,
				5E74481220A3F27C007F52F4 /* UIView+Additions.m in Sources */,
			);
			runOnlyForDeploymentPostprocessing = 0;
		};
/* End PBXSourcesBuildPhase section */

/* Begin XCBuildConfiguration section */
		5E7447E020A3057A007F52F4 /* Debug */ = {
			isa = XCBuildConfiguration;
			buildSettings = {
				ALWAYS_SEARCH_USER_PATHS = NO;
				CLANG_ANALYZER_NONNULL = YES;
				CLANG_ANALYZER_NUMBER_OBJECT_CONVERSION = YES_AGGRESSIVE;
				CLANG_CXX_LANGUAGE_STANDARD = "gnu++14";
				CLANG_CXX_LIBRARY = "libc++";
				CLANG_ENABLE_MODULES = YES;
				CLANG_ENABLE_OBJC_ARC = YES;
				CLANG_ENABLE_OBJC_WEAK = YES;
				CLANG_WARN_BLOCK_CAPTURE_AUTORELEASING = YES;
				CLANG_WARN_BOOL_CONVERSION = YES;
				CLANG_WARN_COMMA = YES;
				CLANG_WARN_CONSTANT_CONVERSION = YES;
				CLANG_WARN_DEPRECATED_OBJC_IMPLEMENTATIONS = YES;
				CLANG_WARN_DIRECT_OBJC_ISA_USAGE = YES_ERROR;
				CLANG_WARN_DOCUMENTATION_COMMENTS = YES;
				CLANG_WARN_EMPTY_BODY = YES;
				CLANG_WARN_ENUM_CONVERSION = YES;
				CLANG_WARN_INFINITE_RECURSION = YES;
				CLANG_WARN_INT_CONVERSION = YES;
				CLANG_WARN_NON_LITERAL_NULL_CONVERSION = YES;
				CLANG_WARN_OBJC_IMPLICIT_RETAIN_SELF = YES;
				CLANG_WARN_OBJC_LITERAL_CONVERSION = YES;
				CLANG_WARN_OBJC_ROOT_CLASS = YES_ERROR;
				CLANG_WARN_RANGE_LOOP_ANALYSIS = YES;
				CLANG_WARN_STRICT_PROTOTYPES = YES;
				CLANG_WARN_SUSPICIOUS_MOVE = YES;
				CLANG_WARN_UNGUARDED_AVAILABILITY = YES_AGGRESSIVE;
				CLANG_WARN_UNREACHABLE_CODE = YES;
				CLANG_WARN__DUPLICATE_METHOD_MATCH = YES;
				CODE_SIGN_IDENTITY = "iPhone Developer";
				COPY_PHASE_STRIP = NO;
				DEBUG_INFORMATION_FORMAT = dwarf;
				ENABLE_STRICT_OBJC_MSGSEND = YES;
				ENABLE_TESTABILITY = YES;
				GCC_C_LANGUAGE_STANDARD = gnu11;
				GCC_DYNAMIC_NO_PIC = NO;
				GCC_NO_COMMON_BLOCKS = YES;
				GCC_OPTIMIZATION_LEVEL = 0;
				GCC_PREPROCESSOR_DEFINITIONS = (
					"DEBUG=1",
					"$(inherited)",
				);
				GCC_WARN_64_TO_32_BIT_CONVERSION = YES;
				GCC_WARN_ABOUT_RETURN_TYPE = YES_ERROR;
				GCC_WARN_UNDECLARED_SELECTOR = YES;
				GCC_WARN_UNINITIALIZED_AUTOS = YES_AGGRESSIVE;
				GCC_WARN_UNUSED_FUNCTION = YES;
				GCC_WARN_UNUSED_VARIABLE = YES;
				IPHONEOS_DEPLOYMENT_TARGET = 11.3;
				MTL_ENABLE_DEBUG_INFO = YES;
				ONLY_ACTIVE_ARCH = YES;
				SDKROOT = iphoneos;
			};
			name = Debug;
		};
		5E7447E120A3057A007F52F4 /* Release */ = {
			isa = XCBuildConfiguration;
			buildSettings = {
				ALWAYS_SEARCH_USER_PATHS = NO;
				CLANG_ANALYZER_NONNULL = YES;
				CLANG_ANALYZER_NUMBER_OBJECT_CONVERSION = YES_AGGRESSIVE;
				CLANG_CXX_LANGUAGE_STANDARD = "gnu++14";
				CLANG_CXX_LIBRARY = "libc++";
				CLANG_ENABLE_MODULES = YES;
				CLANG_ENABLE_OBJC_ARC = YES;
				CLANG_ENABLE_OBJC_WEAK = YES;
				CLANG_WARN_BLOCK_CAPTURE_AUTORELEASING = YES;
				CLANG_WARN_BOOL_CONVERSION = YES;
				CLANG_WARN_COMMA = YES;
				CLANG_WARN_CONSTANT_CONVERSION = YES;
				CLANG_WARN_DEPRECATED_OBJC_IMPLEMENTATIONS = YES;
				CLANG_WARN_DIRECT_OBJC_ISA_USAGE = YES_ERROR;
				CLANG_WARN_DOCUMENTATION_COMMENTS = YES;
				CLANG_WARN_EMPTY_BODY = YES;
				CLANG_WARN_ENUM_CONVERSION = YES;
				CLANG_WARN_INFINITE_RECURSION = YES;
				CLANG_WARN_INT_CONVERSION = YES;
				CLANG_WARN_NON_LITERAL_NULL_CONVERSION = YES;
				CLANG_WARN_OBJC_IMPLICIT_RETAIN_SELF = YES;
				CLANG_WARN_OBJC_LITERAL_CONVERSION = YES;
				CLANG_WARN_OBJC_ROOT_CLASS = YES_ERROR;
				CLANG_WARN_RANGE_LOOP_ANALYSIS = YES;
				CLANG_WARN_STRICT_PROTOTYPES = YES;
				CLANG_WARN_SUSPICIOUS_MOVE = YES;
				CLANG_WARN_UNGUARDED_AVAILABILITY = YES_AGGRESSIVE;
				CLANG_WARN_UNREACHABLE_CODE = YES;
				CLANG_WARN__DUPLICATE_METHOD_MATCH = YES;
				CODE_SIGN_IDENTITY = "iPhone Developer";
				COPY_PHASE_STRIP = NO;
				DEBUG_INFORMATION_FORMAT = "dwarf-with-dsym";
				ENABLE_NS_ASSERTIONS = NO;
				ENABLE_STRICT_OBJC_MSGSEND = YES;
				GCC_C_LANGUAGE_STANDARD = gnu11;
				GCC_NO_COMMON_BLOCKS = YES;
				GCC_WARN_64_TO_32_BIT_CONVERSION = YES;
				GCC_WARN_ABOUT_RETURN_TYPE = YES_ERROR;
				GCC_WARN_UNDECLARED_SELECTOR = YES;
				GCC_WARN_UNINITIALIZED_AUTOS = YES_AGGRESSIVE;
				GCC_WARN_UNUSED_FUNCTION = YES;
				GCC_WARN_UNUSED_VARIABLE = YES;
				IPHONEOS_DEPLOYMENT_TARGET = 11.3;
				MTL_ENABLE_DEBUG_INFO = NO;
				SDKROOT = iphoneos;
				VALIDATE_PRODUCT = YES;
			};
			name = Release;
		};
		5E7447E320A3057A007F52F4 /* Debug */ = {
			isa = XCBuildConfiguration;
			baseConfigurationReference = 29E8EE8FB9978EAD31F93110 /* Pods-OnlinePlayer.debug.xcconfig */;
			buildSettings = {
				ASSETCATALOG_COMPILER_APPICON_NAME = AppIcon;
				CODE_SIGN_STYLE = Automatic;
				DEVELOPMENT_TEAM = B74XK883LC;
				ENABLE_BITCODE = NO;
				FRAMEWORK_SEARCH_PATHS = (
					"$(inherited)",
					"$(PROJECT_DIR)",
				);
				GCC_PRECOMPILE_PREFIX_HEADER = YES;
				GCC_PREFIX_HEADER = "$(SRCROOT)/OnlinePlayer/PrefixHeader.pch";
				INFOPLIST_FILE = OnlinePlayer/Info.plist;
				IPHONEOS_DEPLOYMENT_TARGET = 8.0;
				LD_RUNPATH_SEARCH_PATHS = (
					"$(inherited)",
					"@executable_path/Frameworks",
				);
				PRODUCT_BUNDLE_IDENTIFIER = com.dongsheng.OnlinePlayer;
				PRODUCT_NAME = "$(TARGET_NAME)";
				TARGETED_DEVICE_FAMILY = "1,2";
				USER_HEADER_SEARCH_PATHS = "";
			};
			name = Debug;
		};
		5E7447E420A3057A007F52F4 /* Release */ = {
			isa = XCBuildConfiguration;
			baseConfigurationReference = 82506A366363EE907A05A203 /* Pods-OnlinePlayer.release.xcconfig */;
			buildSettings = {
				ASSETCATALOG_COMPILER_APPICON_NAME = AppIcon;
				CODE_SIGN_STYLE = Automatic;
				DEVELOPMENT_TEAM = B74XK883LC;
				ENABLE_BITCODE = NO;
				FRAMEWORK_SEARCH_PATHS = (
					"$(inherited)",
					"$(PROJECT_DIR)",
				);
				GCC_PRECOMPILE_PREFIX_HEADER = YES;
				GCC_PREFIX_HEADER = "$(SRCROOT)/OnlinePlayer/PrefixHeader.pch";
				INFOPLIST_FILE = OnlinePlayer/Info.plist;
				IPHONEOS_DEPLOYMENT_TARGET = 8.0;
				LD_RUNPATH_SEARCH_PATHS = (
					"$(inherited)",
					"@executable_path/Frameworks",
				);
				PRODUCT_BUNDLE_IDENTIFIER = com.dongsheng.OnlinePlayer;
				PRODUCT_NAME = "$(TARGET_NAME)";
				TARGETED_DEVICE_FAMILY = "1,2";
				USER_HEADER_SEARCH_PATHS = "";
			};
			name = Release;
		};
/* End XCBuildConfiguration section */

/* Begin XCConfigurationList section */
		5E7447C720A30570007F52F4 /* Build configuration list for PBXProject "OnlinePlayer" */ = {
			isa = XCConfigurationList;
			buildConfigurations = (
				5E7447E020A3057A007F52F4 /* Debug */,
				5E7447E120A3057A007F52F4 /* Release */,
			);
			defaultConfigurationIsVisible = 0;
			defaultConfigurationName = Release;
		};
		5E7447E220A3057A007F52F4 /* Build configuration list for PBXNativeTarget "OnlinePlayer" */ = {
			isa = XCConfigurationList;
			buildConfigurations = (
				5E7447E320A3057A007F52F4 /* Debug */,
				5E7447E420A3057A007F52F4 /* Release */,
			);
			defaultConfigurationIsVisible = 0;
			defaultConfigurationName = Release;
		};
/* End XCConfigurationList section */
	};
	rootObject = 5E7447C420A30570007F52F4 /* Project object */;
}
